// !$*UTF8*$!
{
	archiveVersion = 1;
	classes = {
	};
	objectVersion = 56;
	objects = {

/* Begin PBXBuildFile section */
		37E818302C51D69E007EFF62 /* AppDelegate.swift in Sources */ = {isa = PBXBuildFile; fileRef = 37E8182F2C51D69E007EFF62 /* AppDelegate.swift */; };
		37E818322C51D69E007EFF62 /* SceneDelegate.swift in Sources */ = {isa = PBXBuildFile; fileRef = 37E818312C51D69E007EFF62 /* SceneDelegate.swift */; };
		37E818342C51D69E007EFF62 /* ViewController.swift in Sources */ = {isa = PBXBuildFile; fileRef = 37E818332C51D69E007EFF62 /* ViewController.swift */; };
		37E818372C51D69E007EFF62 /* Base in Resources */ = {isa = PBXBuildFile; fileRef = 37E818362C51D69E007EFF62 /* Base */; };
		37E818392C51D6A0007EFF62 /* Assets.xcassets in Resources */ = {isa = PBXBuildFile; fileRef = 37E818382C51D6A0007EFF62 /* Assets.xcassets */; };
		37E8183C2C51D6A0007EFF62 /* Base in Resources */ = {isa = PBXBuildFile; fileRef = 37E8183B2C51D6A0007EFF62 /* Base */; };
		3BB11ED42C51EB0C00782C30 /* Post.swift in Sources */ = {isa = PBXBuildFile; fileRef = 3BB11ED32C51EB0C00782C30 /* Post.swift */; };
		3BB11ED62C51EB5F00782C30 /* GoogleService-Info.plist in Resources */ = {isa = PBXBuildFile; fileRef = 3BB11ED52C51EB5F00782C30 /* GoogleService-Info.plist */; };
		3BF4DD322C521D7800288B72 /* PostTableViewCell.swift in Sources */ = {isa = PBXBuildFile; fileRef = 3BF4DD312C521D7800288B72 /* PostTableViewCell.swift */; };
		E70E40870D069F93FAC164CC /* Pods_Socially_UIKit.framework in Frameworks */ = {isa = PBXBuildFile; fileRef = 9C131A0A5AE4DAFD92419B85 /* Pods_Socially_UIKit.framework */; };
/* End PBXBuildFile section */

/* Begin PBXFileReference section */
		37E8182C2C51D69E007EFF62 /* Socially-UIKit.app */ = {isa = PBXFileReference; explicitFileType = wrapper.application; includeInIndex = 0; path = "Socially-UIKit.app"; sourceTree = BUILT_PRODUCTS_DIR; };
		37E8182F2C51D69E007EFF62 /* AppDelegate.swift */ = {isa = PBXFileReference; lastKnownFileType = sourcecode.swift; path = AppDelegate.swift; sourceTree = "<group>"; };
		37E818312C51D69E007EFF62 /* SceneDelegate.swift */ = {isa = PBXFileReference; lastKnownFileType = sourcecode.swift; path = SceneDelegate.swift; sourceTree = "<group>"; };
		37E818332C51D69E007EFF62 /* ViewController.swift */ = {isa = PBXFileReference; lastKnownFileType = sourcecode.swift; path = ViewController.swift; sourceTree = "<group>"; };
		37E818362C51D69E007EFF62 /* Base */ = {isa = PBXFileReference; lastKnownFileType = file.storyboard; name = Base; path = Base.lproj/Main.storyboard; sourceTree = "<group>"; };
		37E818382C51D6A0007EFF62 /* Assets.xcassets */ = {isa = PBXFileReference; lastKnownFileType = folder.assetcatalog; path = Assets.xcassets; sourceTree = "<group>"; };
		37E8183B2C51D6A0007EFF62 /* Base */ = {isa = PBXFileReference; lastKnownFileType = file.storyboard; name = Base; path = Base.lproj/LaunchScreen.storyboard; sourceTree = "<group>"; };
		37E8183D2C51D6A0007EFF62 /* Info.plist */ = {isa = PBXFileReference; lastKnownFileType = text.plist.xml; path = Info.plist; sourceTree = "<group>"; };
		3BB11ED32C51EB0C00782C30 /* Post.swift */ = {isa = PBXFileReference; lastKnownFileType = sourcecode.swift; path = Post.swift; sourceTree = "<group>"; };
		3BB11ED52C51EB5F00782C30 /* GoogleService-Info.plist */ = {isa = PBXFileReference; fileEncoding = 4; lastKnownFileType = text.plist.xml; name = "GoogleService-Info.plist"; path = "../../../../../Downloads/GoogleService-Info.plist"; sourceTree = "<group>"; };
		3BF4DD312C521D7800288B72 /* PostTableViewCell.swift */ = {isa = PBXFileReference; lastKnownFileType = sourcecode.swift; path = PostTableViewCell.swift; sourceTree = "<group>"; };
		566C1E13C8560F4806D3D7D5 /* Pods-Socially-UIKit.debug.xcconfig */ = {isa = PBXFileReference; includeInIndex = 1; lastKnownFileType = text.xcconfig; name = "Pods-Socially-UIKit.debug.xcconfig"; path = "Target Support Files/Pods-Socially-UIKit/Pods-Socially-UIKit.debug.xcconfig"; sourceTree = "<group>"; };
		9C131A0A5AE4DAFD92419B85 /* Pods_Socially_UIKit.framework */ = {isa = PBXFileReference; explicitFileType = wrapper.framework; includeInIndex = 0; path = Pods_Socially_UIKit.framework; sourceTree = BUILT_PRODUCTS_DIR; };
		F66E99FA7AB6A272EABDAA21 /* Pods-Socially-UIKit.release.xcconfig */ = {isa = PBXFileReference; includeInIndex = 1; lastKnownFileType = text.xcconfig; name = "Pods-Socially-UIKit.release.xcconfig"; path = "Target Support Files/Pods-Socially-UIKit/Pods-Socially-UIKit.release.xcconfig"; sourceTree = "<group>"; };
/* End PBXFileReference section */

/* Begin PBXFrameworksBuildPhase section */
		37E818292C51D69E007EFF62 /* Frameworks */ = {
			isa = PBXFrameworksBuildPhase;
			buildActionMask = 2147483647;
			files = (
				E70E40870D069F93FAC164CC /* Pods_Socially_UIKit.framework in Frameworks */,
			);
			runOnlyForDeploymentPostprocessing = 0;
		};
/* End PBXFrameworksBuildPhase section */

/* Begin PBXGroup section */
		37E818232C51D69E007EFF62 = {
			isa = PBXGroup;
			children = (
				37E8182E2C51D69E007EFF62 /* Socially-UIKit */,
				37E8182D2C51D69E007EFF62 /* Products */,
				4642DE8D0E5BB16F61D4796A /* Pods */,
				75D99455D3A32F6481A68599 /* Frameworks */,
			);
			sourceTree = "<group>";
		};
		37E8182D2C51D69E007EFF62 /* Products */ = {
			isa = PBXGroup;
			children = (
				37E8182C2C51D69E007EFF62 /* Socially-UIKit.app */,
			);
			name = Products;
			sourceTree = "<group>";
		};
		37E8182E2C51D69E007EFF62 /* Socially-UIKit */ = {
			isa = PBXGroup;
			children = (
				37E8182F2C51D69E007EFF62 /* AppDelegate.swift */,
				3BB11ED32C51EB0C00782C30 /* Post.swift */,
				37E818312C51D69E007EFF62 /* SceneDelegate.swift */,
				37E818332C51D69E007EFF62 /* ViewController.swift */,
				3BF4DD312C521D7800288B72 /* PostTableViewCell.swift */,
				37E818352C51D69E007EFF62 /* Main.storyboard */,
				37E818382C51D6A0007EFF62 /* Assets.xcassets */,
				37E8183A2C51D6A0007EFF62 /* LaunchScreen.storyboard */,
				37E8183D2C51D6A0007EFF62 /* Info.plist */,
				3BB11ED52C51EB5F00782C30 /* GoogleService-Info.plist */,
			);
			path = "Socially-UIKit";
			sourceTree = "<group>";
		};
		4642DE8D0E5BB16F61D4796A /* Pods */ = {
			isa = PBXGroup;
			children = (
				566C1E13C8560F4806D3D7D5 /* Pods-Socially-UIKit.debug.xcconfig */,
				F66E99FA7AB6A272EABDAA21 /* Pods-Socially-UIKit.release.xcconfig */,
			);
			path = Pods;
			sourceTree = "<group>";
		};
		75D99455D3A32F6481A68599 /* Frameworks */ = {
			isa = PBXGroup;
			children = (
				9C131A0A5AE4DAFD92419B85 /* Pods_Socially_UIKit.framework */,
			);
			name = Frameworks;
			sourceTree = "<group>";
		};
/* End PBXGroup section */

/* Begin PBXNativeTarget section */
		37E8182B2C51D69E007EFF62 /* Socially-UIKit */ = {
			isa = PBXNativeTarget;
			buildConfigurationList = 37E818402C51D6A0007EFF62 /* Build configuration list for PBXNativeTarget "Socially-UIKit" */;
			buildPhases = (
				BC0D019B91138416495617E4 /* [CP] Check Pods Manifest.lock */,
				37E818282C51D69E007EFF62 /* Sources */,
				37E818292C51D69E007EFF62 /* Frameworks */,
				37E8182A2C51D69E007EFF62 /* Resources */,
				7FD9ABC9B0214E281344972F /* [CP] Embed Pods Frameworks */,
			);
			buildRules = (
			);
			dependencies = (
			);
			name = "Socially-UIKit";
			productName = "Socially-UIKit";
			productReference = 37E8182C2C51D69E007EFF62 /* Socially-UIKit.app */;
			productType = "com.apple.product-type.application";
		};
/* End PBXNativeTarget section */

/* Begin PBXProject section */
		37E818242C51D69E007EFF62 /* Project object */ = {
			isa = PBXProject;
			attributes = {
				BuildIndependentTargetsInParallel = 1;
				LastSwiftUpdateCheck = 1540;
				LastUpgradeCheck = 1540;
				TargetAttributes = {
					37E8182B2C51D69E007EFF62 = {
						CreatedOnToolsVersion = 15.4;
					};
				};
			};
			buildConfigurationList = 37E818272C51D69E007EFF62 /* Build configuration list for PBXProject "Socially-UIKit" */;
			compatibilityVersion = "Xcode 14.0";
			developmentRegion = en;
			hasScannedForEncodings = 0;
			knownRegions = (
				en,
				Base,
			);
			mainGroup = 37E818232C51D69E007EFF62;
			productRefGroup = 37E8182D2C51D69E007EFF62 /* Products */;
			projectDirPath = "";
			projectRoot = "";
			targets = (
				37E8182B2C51D69E007EFF62 /* Socially-UIKit */,
			);
		};
/* End PBXProject section */

/* Begin PBXResourcesBuildPhase section */
		37E8182A2C51D69E007EFF62 /* Resources */ = {
			isa = PBXResourcesBuildPhase;
			buildActionMask = 2147483647;
			files = (
				37E818392C51D6A0007EFF62 /* Assets.xcassets in Resources */,
				3BB11ED62C51EB5F00782C30 /* GoogleService-Info.plist in Resources */,
				37E8183C2C51D6A0007EFF62 /* Base in Resources */,
				37E818372C51D69E007EFF62 /* Base in Resources */,
			);
			runOnlyForDeploymentPostprocessing = 0;
		};
/* End PBXResourcesBuildPhase section */

/* Begin PBXShellScriptBuildPhase section */
		7FD9ABC9B0214E281344972F /* [CP] Embed Pods Frameworks */ = {
			isa = PBXShellScriptBuildPhase;
			buildActionMask = 2147483647;
			files = (
			);
			inputFileListPaths = (
				"${PODS_ROOT}/Target Support Files/Pods-Socially-UIKit/Pods-Socially-UIKit-frameworks-${CONFIGURATION}-input-files.xcfilelist",
			);
			name = "[CP] Embed Pods Frameworks";
			outputFileListPaths = (
				"${PODS_ROOT}/Target Support Files/Pods-Socially-UIKit/Pods-Socially-UIKit-frameworks-${CONFIGURATION}-output-files.xcfilelist",
			);
			runOnlyForDeploymentPostprocessing = 0;
			shellPath = /bin/sh;
			shellScript = "\"${PODS_ROOT}/Target Support Files/Pods-Socially-UIKit/Pods-Socially-UIKit-frameworks.sh\"\n";
			showEnvVarsInLog = 0;
		};
		BC0D019B91138416495617E4 /* [CP] Check Pods Manifest.lock */ = {
			isa = PBXShellScriptBuildPhase;
			buildActionMask = 2147483647;
			files = (
			);
			inputFileListPaths = (
			);
			inputPaths = (
				"${PODS_PODFILE_DIR_PATH}/Podfile.lock",
				"${PODS_ROOT}/Manifest.lock",
			);
			name = "[CP] Check Pods Manifest.lock";
			outputFileListPaths = (
			);
			outputPaths = (
				"$(DERIVED_FILE_DIR)/Pods-Socially-UIKit-checkManifestLockResult.txt",
			);
			runOnlyForDeploymentPostprocessing = 0;
			shellPath = /bin/sh;
			shellScript = "diff \"${PODS_PODFILE_DIR_PATH}/Podfile.lock\" \"${PODS_ROOT}/Manifest.lock\" > /dev/null\nif [ $? != 0 ] ; then\n    # print error to STDERR\n    echo \"error: The sandbox is not in sync with the Podfile.lock. Run 'pod install' or update your CocoaPods installation.\" >&2\n    exit 1\nfi\n# This output is used by Xcode 'outputs' to avoid re-running this script phase.\necho \"SUCCESS\" > \"${SCRIPT_OUTPUT_FILE_0}\"\n";
			showEnvVarsInLog = 0;
		};
/* End PBXShellScriptBuildPhase section */

/* Begin PBXSourcesBuildPhase section */
		37E818282C51D69E007EFF62 /* Sources */ = {
			isa = PBXSourcesBuildPhase;
			buildActionMask = 2147483647;
			files = (
				37E818342C51D69E007EFF62 /* ViewController.swift in Sources */,
				3BB11ED42C51EB0C00782C30 /* Post.swift in Sources */,
				3BF4DD322C521D7800288B72 /* PostTableViewCell.swift in Sources */,
				37E818302C51D69E007EFF62 /* AppDelegate.swift in Sources */,
				37E818322C51D69E007EFF62 /* SceneDelegate.swift in Sources */,
			);
			runOnlyForDeploymentPostprocessing = 0;
		};
/* End PBXSourcesBuildPhase section */

/* Begin PBXVariantGroup section */
		37E818352C51D69E007EFF62 /* Main.storyboard */ = {
			isa = PBXVariantGroup;
			children = (
				37E818362C51D69E007EFF62 /* Base */,
			);
			name = Main.storyboard;
			sourceTree = "<group>";
		};
		37E8183A2C51D6A0007EFF62 /* LaunchScreen.storyboard */ = {
			isa = PBXVariantGroup;
			children = (
				37E8183B2C51D6A0007EFF62 /* Base */,
			);
			name = LaunchScreen.storyboard;
			sourceTree = "<group>";
		};
/* End PBXVariantGroup section */

/* Begin XCBuildConfiguration section */
		37E8183E2C51D6A0007EFF62 /* Debug */ = {
			isa = XCBuildConfiguration;
			buildSettings = {
				ALWAYS_SEARCH_USER_PATHS = NO;
				ASSETCATALOG_COMPILER_GENERATE_SWIFT_ASSET_SYMBOL_EXTENSIONS = YES;
				CLANG_ANALYZER_NONNULL = YES;
				CLANG_ANALYZER_NUMBER_OBJECT_CONVERSION = YES_AGGRESSIVE;
				CLANG_CXX_LANGUAGE_STANDARD = "gnu++20";
				CLANG_ENABLE_MODULES = YES;
				CLANG_ENABLE_OBJC_ARC = YES;
				CLANG_ENABLE_OBJC_WEAK = YES;
				CLANG_WARN_BLOCK_CAPTURE_AUTORELEASING = YES;
				CLANG_WARN_BOOL_CONVERSION = YES;
				CLANG_WARN_COMMA = YES;
				CLANG_WARN_CONSTANT_CONVERSION = YES;
				CLANG_WARN_DEPRECATED_OBJC_IMPLEMENTATIONS = YES;
				CLANG_WARN_DIRECT_OBJC_ISA_USAGE = YES_ERROR;
				CLANG_WARN_DOCUMENTATION_COMMENTS = YES;
				CLANG_WARN_EMPTY_BODY = YES;
				CLANG_WARN_ENUM_CONVERSION = YES;
				CLANG_WARN_INFINITE_RECURSION = YES;
				CLANG_WARN_INT_CONVERSION = YES;
				CLANG_WARN_NON_LITERAL_NULL_CONVERSION = YES;
				CLANG_WARN_OBJC_IMPLICIT_RETAIN_SELF = YES;
				CLANG_WARN_OBJC_LITERAL_CONVERSION = YES;
				CLANG_WARN_OBJC_ROOT_CLASS = YES_ERROR;
				CLANG_WARN_QUOTED_INCLUDE_IN_FRAMEWORK_HEADER = YES;
				CLANG_WARN_RANGE_LOOP_ANALYSIS = YES;
				CLANG_WARN_STRICT_PROTOTYPES = YES;
				CLANG_WARN_SUSPICIOUS_MOVE = YES;
				CLANG_WARN_UNGUARDED_AVAILABILITY = YES_AGGRESSIVE;
				CLANG_WARN_UNREACHABLE_CODE = YES;
				CLANG_WARN__DUPLICATE_METHOD_MATCH = YES;
				COPY_PHASE_STRIP = NO;
				DEBUG_INFORMATION_FORMAT = dwarf;
				ENABLE_STRICT_OBJC_MSGSEND = YES;
				ENABLE_TESTABILITY = YES;
				ENABLE_USER_SCRIPT_SANDBOXING = YES;
				GCC_C_LANGUAGE_STANDARD = gnu17;
				GCC_DYNAMIC_NO_PIC = NO;
				GCC_NO_COMMON_BLOCKS = YES;
				GCC_OPTIMIZATION_LEVEL = 0;
				GCC_PREPROCESSOR_DEFINITIONS = (
					"DEBUG=1",
					"$(inherited)",
				);
				GCC_WARN_64_TO_32_BIT_CONVERSION = YES;
				GCC_WARN_ABOUT_RETURN_TYPE = YES_ERROR;
				GCC_WARN_UNDECLARED_SELECTOR = YES;
				GCC_WARN_UNINITIALIZED_AUTOS = YES_AGGRESSIVE;
				GCC_WARN_UNUSED_FUNCTION = YES;
				GCC_WARN_UNUSED_VARIABLE = YES;
				IPHONEOS_DEPLOYMENT_TARGET = 17.5;
				LOCALIZATION_PREFERS_STRING_CATALOGS = YES;
				MTL_ENABLE_DEBUG_INFO = INCLUDE_SOURCE;
				MTL_FAST_MATH = YES;
				ONLY_ACTIVE_ARCH = YES;
				SDKROOT = iphoneos;
				SWIFT_ACTIVE_COMPILATION_CONDITIONS = "DEBUG $(inherited)";
				SWIFT_OPTIMIZATION_LEVEL = "-Onone";
			};
			name = Debug;
		};
		37E8183F2C51D6A0007EFF62 /* Release */ = {
			isa = XCBuildConfiguration;
			buildSettings = {
				ALWAYS_SEARCH_USER_PATHS = NO;
				ASSETCATALOG_COMPILER_GENERATE_SWIFT_ASSET_SYMBOL_EXTENSIONS = YES;
				CLANG_ANALYZER_NONNULL = YES;
				CLANG_ANALYZER_NUMBER_OBJECT_CONVERSION = YES_AGGRESSIVE;
				CLANG_CXX_LANGUAGE_STANDARD = "gnu++20";
				CLANG_ENABLE_MODULES = YES;
				CLANG_ENABLE_OBJC_ARC = YES;
				CLANG_ENABLE_OBJC_WEAK = YES;
				CLANG_WARN_BLOCK_CAPTURE_AUTORELEASING = YES;
				CLANG_WARN_BOOL_CONVERSION = YES;
				CLANG_WARN_COMMA = YES;
				CLANG_WARN_CONSTANT_CONVERSION = YES;
				CLANG_WARN_DEPRECATED_OBJC_IMPLEMENTATIONS = YES;
				CLANG_WARN_DIRECT_OBJC_ISA_USAGE = YES_ERROR;
				CLANG_WARN_DOCUMENTATION_COMMENTS = YES;
				CLANG_WARN_EMPTY_BODY = YES;
				CLANG_WARN_ENUM_CONVERSION = YES;
				CLANG_WARN_INFINITE_RECURSION = YES;
				CLANG_WARN_INT_CONVERSION = YES;
				CLANG_WARN_NON_LITERAL_NULL_CONVERSION = YES;
				CLANG_WARN_OBJC_IMPLICIT_RETAIN_SELF = YES;
				CLANG_WARN_OBJC_LITERAL_CONVERSION = YES;
				CLANG_WARN_OBJC_ROOT_CLASS = YES_ERROR;
				CLANG_WARN_QUOTED_INCLUDE_IN_FRAMEWORK_HEADER = YES;
				CLANG_WARN_RANGE_LOOP_ANALYSIS = YES;
				CLANG_WARN_STRICT_PROTOTYPES = YES;
				CLANG_WARN_SUSPICIOUS_MOVE = YES;
				CLANG_WARN_UNGUARDED_AVAILABILITY = YES_AGGRESSIVE;
				CLANG_WARN_UNREACHABLE_CODE = YES;
				CLANG_WARN__DUPLICATE_METHOD_MATCH = YES;
				COPY_PHASE_STRIP = NO;
				DEBUG_INFORMATION_FORMAT = "dwarf-with-dsym";
				ENABLE_NS_ASSERTIONS = NO;
				ENABLE_STRICT_OBJC_MSGSEND = YES;
				ENABLE_USER_SCRIPT_SANDBOXING = YES;
				GCC_C_LANGUAGE_STANDARD = gnu17;
				GCC_NO_COMMON_BLOCKS = YES;
				GCC_WARN_64_TO_32_BIT_CONVERSION = YES;
				GCC_WARN_ABOUT_RETURN_TYPE = YES_ERROR;
				GCC_WARN_UNDECLARED_SELECTOR = YES;
				GCC_WARN_UNINITIALIZED_AUTOS = YES_AGGRESSIVE;
				GCC_WARN_UNUSED_FUNCTION = YES;
				GCC_WARN_UNUSED_VARIABLE = YES;
				IPHONEOS_DEPLOYMENT_TARGET = 17.5;
				LOCALIZATION_PREFERS_STRING_CATALOGS = YES;
				MTL_ENABLE_DEBUG_INFO = NO;
				MTL_FAST_MATH = YES;
				SDKROOT = iphoneos;
				SWIFT_COMPILATION_MODE = wholemodule;
				VALIDATE_PRODUCT = YES;
			};
			name = Release;
		};
		37E818412C51D6A0007EFF62 /* Debug */ = {
			isa = XCBuildConfiguration;
			baseConfigurationReference = 566C1E13C8560F4806D3D7D5 /* Pods-Socially-UIKit.debug.xcconfig */;
			buildSettings = {
				ASSETCATALOG_COMPILER_APPICON_NAME = AppIcon;
				ASSETCATALOG_COMPILER_GLOBAL_ACCENT_COLOR_NAME = AccentColor;
				CODE_SIGN_STYLE = Automatic;
				CURRENT_PROJECT_VERSION = 1;
				DEVELOPMENT_TEAM = 59FP2PXRXK;
				ENABLE_USER_SCRIPT_SANDBOXING = NO;
				GENERATE_INFOPLIST_FILE = YES;
				INFOPLIST_FILE = "Socially-UIKit/Info.plist";
				INFOPLIST_KEY_UIApplicationSupportsIndirectInputEvents = YES;
				INFOPLIST_KEY_UILaunchStoryboardName = LaunchScreen;
				INFOPLIST_KEY_UIMainStoryboardFile = Main;
				INFOPLIST_KEY_UISupportedInterfaceOrientations_iPad = "UIInterfaceOrientationPortrait UIInterfaceOrientationPortraitUpsideDown UIInterfaceOrientationLandscapeLeft UIInterfaceOrientationLandscapeRight";
				INFOPLIST_KEY_UISupportedInterfaceOrientations_iPhone = "UIInterfaceOrientationPortrait UIInterfaceOrientationLandscapeLeft UIInterfaceOrientationLandscapeRight";
				LD_RUNPATH_SEARCH_PATHS = (
					"$(inherited)",
					"@executable_path/Frameworks",
				);
				MARKETING_VERSION = 1.0;
				PRODUCT_BUNDLE_IDENTIFIER = kr.co.codegrove.Socially;
				PRODUCT_NAME = "$(TARGET_NAME)";
				SWIFT_EMIT_LOC_STRINGS = YES;
				SWIFT_VERSION = 5.0;
				TARGETED_DEVICE_FAMILY = "1,2";
			};
			name = Debug;
		};
		37E818422C51D6A0007EFF62 /* Release */ = {
			isa = XCBuildConfiguration;
			baseConfigurationReference = F66E99FA7AB6A272EABDAA21 /* Pods-Socially-UIKit.release.xcconfig */;
			buildSettings = {
				ASSETCATALOG_COMPILER_APPICON_NAME = AppIcon;
				ASSETCATALOG_COMPILER_GLOBAL_ACCENT_COLOR_NAME = AccentColor;
				CODE_SIGN_STYLE = Automatic;
				CURRENT_PROJECT_VERSION = 1;
				DEVELOPMENT_TEAM = 59FP2PXRXK;
				ENABLE_USER_SCRIPT_SANDBOXING = NO;
				GENERATE_INFOPLIST_FILE = YES;
				INFOPLIST_FILE = "Socially-UIKit/Info.plist";
				INFOPLIST_KEY_UIApplicationSupportsIndirectInputEvents = YES;
				INFOPLIST_KEY_UILaunchStoryboardName = LaunchScreen;
				INFOPLIST_KEY_UIMainStoryboardFile = Main;
				INFOPLIST_KEY_UISupportedInterfaceOrientations_iPad = "UIInterfaceOrientationPortrait UIInterfaceOrientationPortraitUpsideDown UIInterfaceOrientationLandscapeLeft UIInterfaceOrientationLandscapeRight";
				INFOPLIST_KEY_UISupportedInterfaceOrientations_iPhone = "UIInterfaceOrientationPortrait UIInterfaceOrientationLandscapeLeft UIInterfaceOrientationLandscapeRight";
				LD_RUNPATH_SEARCH_PATHS = (
					"$(inherited)",
					"@executable_path/Frameworks",
				);
				MARKETING_VERSION = 1.0;
				PRODUCT_BUNDLE_IDENTIFIER = kr.co.codegrove.Socially;
				PRODUCT_NAME = "$(TARGET_NAME)";
				SWIFT_EMIT_LOC_STRINGS = YES;
				SWIFT_VERSION = 5.0;
				TARGETED_DEVICE_FAMILY = "1,2";
			};
			name = Release;
		};
/* End XCBuildConfiguration section */

/* Begin XCConfigurationList section */
		37E818272C51D69E007EFF62 /* Build configuration list for PBXProject "Socially-UIKit" */ = {
			isa = XCConfigurationList;
			buildConfigurations = (
				37E8183E2C51D6A0007EFF62 /* Debug */,
				37E8183F2C51D6A0007EFF62 /* Release */,
			);
			defaultConfigurationIsVisible = 0;
			defaultConfigurationName = Release;
		};
		37E818402C51D6A0007EFF62 /* Build configuration list for PBXNativeTarget "Socially-UIKit" */ = {
			isa = XCConfigurationList;
			buildConfigurations = (
				37E818412C51D6A0007EFF62 /* Debug */,
				37E818422C51D6A0007EFF62 /* Release */,
			);
			defaultConfigurationIsVisible = 0;
			defaultConfigurationName = Release;
		};
/* End XCConfigurationList section */
	};
	rootObject = 37E818242C51D69E007EFF62 /* Project object */;
}
